// !$*UTF8*$!
{
	archiveVersion = 1;
	classes = {
	};
	objectVersion = 50;
	objects = {

/* Begin PBXBuildFile section */
		3301393A22976B19006F5C96 /* StuffTableHeaderView.swift in Sources */ = {isa = PBXBuildFile; fileRef = 3301393822976B19006F5C96 /* StuffTableHeaderView.swift */; };
		3301393B22976B19006F5C96 /* StuffTableHeaderView.xib in Resources */ = {isa = PBXBuildFile; fileRef = 3301393922976B19006F5C96 /* StuffTableHeaderView.xib */; };
		332E611822978C1900AE2442 /* ImageAnimator.swift in Sources */ = {isa = PBXBuildFile; fileRef = 332E611722978C1900AE2442 /* ImageAnimator.swift */; };
		332E611A22978C4800AE2442 /* ImageAnimator.xib in Resources */ = {isa = PBXBuildFile; fileRef = 332E611922978C4800AE2442 /* ImageAnimator.xib */; };
		33685CEA2296308900EA57AB /* Helpers.swift in Sources */ = {isa = PBXBuildFile; fileRef = 33685CE92296308900EA57AB /* Helpers.swift */; };
		33685CEC2296485A00EA57AB /* FavoritesTableViewController.swift in Sources */ = {isa = PBXBuildFile; fileRef = 33685CEB2296485A00EA57AB /* FavoritesTableViewController.swift */; };
		33685CEF2296489300EA57AB /* FavoritesNavController.swift in Sources */ = {isa = PBXBuildFile; fileRef = 33685CEE2296489300EA57AB /* FavoritesNavController.swift */; };
		33685CF12296603400EA57AB /* JWTDecode.framework in Frameworks */ = {isa = PBXBuildFile; fileRef = 33685CF02296603400EA57AB /* JWTDecode.framework */; };
		33685CF62296640600EA57AB /* ProfileViewController.swift in Sources */ = {isa = PBXBuildFile; fileRef = 33685CF52296640600EA57AB /* ProfileViewController.swift */; };
		33685CF822970DB300EA57AB /* GradientView.swift in Sources */ = {isa = PBXBuildFile; fileRef = 33685CF722970DB300EA57AB /* GradientView.swift */; };
		33685CFB2297227700EA57AB /* Nunito-Bold.ttf in Resources */ = {isa = PBXBuildFile; fileRef = 33685CF92297227700EA57AB /* Nunito-Bold.ttf */; };
		33685CFC2297227700EA57AB /* Nunito-SemiBold.ttf in Resources */ = {isa = PBXBuildFile; fileRef = 33685CFA2297227700EA57AB /* Nunito-SemiBold.ttf */; };
		33685CFE2297334A00EA57AB /* StuffAndProfileContainerController.swift in Sources */ = {isa = PBXBuildFile; fileRef = 33685CFD2297334A00EA57AB /* StuffAndProfileContainerController.swift */; };
		33A5D9A4229310A2007467EF /* AppDelegate.swift in Sources */ = {isa = PBXBuildFile; fileRef = 33A5D9A3229310A2007467EF /* AppDelegate.swift */; };
		33A5D9A6229310A2007467EF /* LoginViewController.swift in Sources */ = {isa = PBXBuildFile; fileRef = 33A5D9A5229310A2007467EF /* LoginViewController.swift */; };
		33A5D9A9229310A2007467EF /* Main.storyboard in Resources */ = {isa = PBXBuildFile; fileRef = 33A5D9A7229310A2007467EF /* Main.storyboard */; };
		33A5D9AB229310A3007467EF /* Assets.xcassets in Resources */ = {isa = PBXBuildFile; fileRef = 33A5D9AA229310A3007467EF /* Assets.xcassets */; };
		33A5D9AE229310A3007467EF /* LaunchScreen.storyboard in Resources */ = {isa = PBXBuildFile; fileRef = 33A5D9AC229310A3007467EF /* LaunchScreen.storyboard */; };
		33A5D9B9229310A4007467EF /* Use_My_Tech_StuffTests.swift in Sources */ = {isa = PBXBuildFile; fileRef = 33A5D9B8229310A4007467EF /* Use_My_Tech_StuffTests.swift */; };
		33A5D9CB22931453007467EF /* User.swift in Sources */ = {isa = PBXBuildFile; fileRef = 33A5D9CA22931453007467EF /* User.swift */; };
		33A5D9CF22931502007467EF /* UIAlertController+NetError.swift in Sources */ = {isa = PBXBuildFile; fileRef = 33A5D9CD22931502007467EF /* UIAlertController+NetError.swift */; };
		33A5D9D022931502007467EF /* NetworkHandler.swift in Sources */ = {isa = PBXBuildFile; fileRef = 33A5D9CE22931502007467EF /* NetworkHandler.swift */; };
		33A5D9D222931FCD007467EF /* Cartfile in Resources */ = {isa = PBXBuildFile; fileRef = 33A5D9D122931FCD007467EF /* Cartfile */; };
		33A5D9D922932158007467EF /* .swiftlint.yml in Resources */ = {isa = PBXBuildFile; fileRef = 33A5D9D822932158007467EF /* .swiftlint.yml */; };
		33A5D9DF229325E0007467EF /* SwiftyUtils.framework in Frameworks */ = {isa = PBXBuildFile; fileRef = 33A5D9D622932086007467EF /* SwiftyUtils.framework */; };
		33A5D9E222933053007467EF /* TechStuffController.swift in Sources */ = {isa = PBXBuildFile; fileRef = 33A5D9E122933053007467EF /* TechStuffController.swift */; };
		33A5D9E4229352E0007467EF /* IQKeyboardManagerSwift.framework in Frameworks */ = {isa = PBXBuildFile; fileRef = 33A5D9E3229352E0007467EF /* IQKeyboardManagerSwift.framework */; };
		33A5D9E62293747C007467EF /* ItemListing.swift in Sources */ = {isa = PBXBuildFile; fileRef = 33A5D9E52293747C007467EF /* ItemListing.swift */; };
		33A5D9EC229459D1007467EF /* BaseTabViewController.swift in Sources */ = {isa = PBXBuildFile; fileRef = 33A5D9EB229459D1007467EF /* BaseTabViewController.swift */; };
		33A5D9EE22945DC7007467EF /* Browse.storyboard in Resources */ = {isa = PBXBuildFile; fileRef = 33A5D9ED22945DC7007467EF /* Browse.storyboard */; };
		33A5D9F022946040007467EF /* Faves.storyboard in Resources */ = {isa = PBXBuildFile; fileRef = 33A5D9EF22946040007467EF /* Faves.storyboard */; };
		33A5D9F6229460CA007467EF /* Stuff.storyboard in Resources */ = {isa = PBXBuildFile; fileRef = 33A5D9F5229460CA007467EF /* Stuff.storyboard */; };
		33A5D9F822946BBE007467EF /* CategoriesController.swift in Sources */ = {isa = PBXBuildFile; fileRef = 33A5D9F722946BBE007467EF /* CategoriesController.swift */; };
		33A5D9FA22946D7B007467EF /* Nunito.ttf in Resources */ = {isa = PBXBuildFile; fileRef = 33A5D9F922946D7B007467EF /* Nunito.ttf */; };
		33A5D9FC22946E03007467EF /* BrowseCollectionViewCell.swift in Sources */ = {isa = PBXBuildFile; fileRef = 33A5D9FB22946E03007467EF /* BrowseCollectionViewCell.swift */; };
		33A5D9FE22947BFF007467EF /* SearchResultTableViewCell.swift in Sources */ = {isa = PBXBuildFile; fileRef = 33A5D9FD22947BFF007467EF /* SearchResultTableViewCell.swift */; };
		33A5DA002294A17D007467EF /* BrowseViewController.swift in Sources */ = {isa = PBXBuildFile; fileRef = 33A5D9FF2294A17D007467EF /* BrowseViewController.swift */; };
		33A5DA022294A18F007467EF /* SearchResultTableViewController.swift in Sources */ = {isa = PBXBuildFile; fileRef = 33A5DA012294A18F007467EF /* SearchResultTableViewController.swift */; };
		33A5DA062294B2E1007467EF /* SearchResultTableViewCell.xib in Resources */ = {isa = PBXBuildFile; fileRef = 33A5DA042294B2E1007467EF /* SearchResultTableViewCell.xib */; };
		33A5DA082294C0C8007467EF /* RandomItemController.swift in Sources */ = {isa = PBXBuildFile; fileRef = 33A5DA072294C0C8007467EF /* RandomItemController.swift */; };
		33A5DA0C2294C803007467EF /* BrowseCollectionViewCell.xib in Resources */ = {isa = PBXBuildFile; fileRef = 33A5DA0A2294C803007467EF /* BrowseCollectionViewCell.xib */; };
		33A5DA0F2294D0D9007467EF /* ListingDetailViewController.swift in Sources */ = {isa = PBXBuildFile; fileRef = 33A5DA0D2294D0D9007467EF /* ListingDetailViewController.swift */; };
		33A5DA102294D0D9007467EF /* ListingDetailViewController.xib in Resources */ = {isa = PBXBuildFile; fileRef = 33A5DA0E2294D0D9007467EF /* ListingDetailViewController.xib */; };
		33A5DA122294F664007467EF /* StringFormatting.swift in Sources */ = {isa = PBXBuildFile; fileRef = 33A5DA112294F664007467EF /* StringFormatting.swift */; };
		33AC2F2B2294FB6C00884B81 /* EditListingDetailViewController.swift in Sources */ = {isa = PBXBuildFile; fileRef = 33AC2F2A2294FB6C00884B81 /* EditListingDetailViewController.swift */; };
		33AC2F2D2294FB7600884B81 /* EditListingDetailViewController.xib in Resources */ = {isa = PBXBuildFile; fileRef = 33AC2F2C2294FB7600884B81 /* EditListingDetailViewController.xib */; };
		33AC2F2F2294FE2A00884B81 /* StuffTableViewController.swift in Sources */ = {isa = PBXBuildFile; fileRef = 33AC2F2E2294FE2A00884B81 /* StuffTableViewController.swift */; };
		33AC2F312294FFCB00884B81 /* StuffNavController.swift in Sources */ = {isa = PBXBuildFile; fileRef = 33AC2F302294FFCB00884B81 /* StuffNavController.swift */; };
		33AC2F36229500AC00884B81 /* ItemCategory.swift in Sources */ = {isa = PBXBuildFile; fileRef = 33AC2F35229500AC00884B81 /* ItemCategory.swift */; };
		33F337122298AC1A00D74CAF /* TouchVisualizer.framework in Frameworks */ = {isa = PBXBuildFile; fileRef = 33F337112298AC1A00D74CAF /* TouchVisualizer.framework */; };
/* End PBXBuildFile section */

/* Begin PBXContainerItemProxy section */
		33A5D9B5229310A4007467EF /* PBXContainerItemProxy */ = {
			isa = PBXContainerItemProxy;
			containerPortal = 33A5D998229310A2007467EF /* Project object */;
			proxyType = 1;
			remoteGlobalIDString = 33A5D99F229310A2007467EF;
			remoteInfo = "Use My Tech Stuff";
		};
/* End PBXContainerItemProxy section */

/* Begin PBXFileReference section */
		3301393822976B19006F5C96 /* StuffTableHeaderView.swift */ = {isa = PBXFileReference; lastKnownFileType = sourcecode.swift; path = StuffTableHeaderView.swift; sourceTree = "<group>"; };
		3301393922976B19006F5C96 /* StuffTableHeaderView.xib */ = {isa = PBXFileReference; lastKnownFileType = file.xib; path = StuffTableHeaderView.xib; sourceTree = "<group>"; };
		332E611722978C1900AE2442 /* ImageAnimator.swift */ = {isa = PBXFileReference; lastKnownFileType = sourcecode.swift; name = ImageAnimator.swift; path = renTech/Views/ImageAnimator.swift; sourceTree = SOURCE_ROOT; };
		332E611922978C4800AE2442 /* ImageAnimator.xib */ = {isa = PBXFileReference; lastKnownFileType = file.xib; path = ImageAnimator.xib; sourceTree = "<group>"; };
		33685CE92296308900EA57AB /* Helpers.swift */ = {isa = PBXFileReference; lastKnownFileType = sourcecode.swift; path = Helpers.swift; sourceTree = "<group>"; };
		33685CEB2296485A00EA57AB /* FavoritesTableViewController.swift */ = {isa = PBXFileReference; lastKnownFileType = sourcecode.swift; path = FavoritesTableViewController.swift; sourceTree = "<group>"; };
		33685CEE2296489300EA57AB /* FavoritesNavController.swift */ = {isa = PBXFileReference; lastKnownFileType = sourcecode.swift; path = FavoritesNavController.swift; sourceTree = "<group>"; };
		33685CF02296603400EA57AB /* JWTDecode.framework */ = {isa = PBXFileReference; lastKnownFileType = wrapper.framework; name = JWTDecode.framework; path = Carthage/Build/iOS/JWTDecode.framework; sourceTree = SOURCE_ROOT; };
		33685CF52296640600EA57AB /* ProfileViewController.swift */ = {isa = PBXFileReference; lastKnownFileType = sourcecode.swift; path = ProfileViewController.swift; sourceTree = "<group>"; };
		33685CF722970DB300EA57AB /* GradientView.swift */ = {isa = PBXFileReference; lastKnownFileType = sourcecode.swift; path = GradientView.swift; sourceTree = "<group>"; };
		33685CF92297227700EA57AB /* Nunito-Bold.ttf */ = {isa = PBXFileReference; lastKnownFileType = file; name = "Nunito-Bold.ttf"; path = "../../../assets/fonts/Nunito-Bold.ttf"; sourceTree = "<group>"; };
		33685CFA2297227700EA57AB /* Nunito-SemiBold.ttf */ = {isa = PBXFileReference; lastKnownFileType = file; name = "Nunito-SemiBold.ttf"; path = "../../../assets/fonts/Nunito-SemiBold.ttf"; sourceTree = "<group>"; };
		33685CFD2297334A00EA57AB /* StuffAndProfileContainerController.swift */ = {isa = PBXFileReference; lastKnownFileType = sourcecode.swift; path = StuffAndProfileContainerController.swift; sourceTree = "<group>"; };
		33A5D9A0229310A2007467EF /* renTech.app */ = {isa = PBXFileReference; explicitFileType = wrapper.application; includeInIndex = 0; path = renTech.app; sourceTree = BUILT_PRODUCTS_DIR; };
		33A5D9A3229310A2007467EF /* AppDelegate.swift */ = {isa = PBXFileReference; lastKnownFileType = sourcecode.swift; path = AppDelegate.swift; sourceTree = "<group>"; };
		33A5D9A5229310A2007467EF /* LoginViewController.swift */ = {isa = PBXFileReference; lastKnownFileType = sourcecode.swift; path = LoginViewController.swift; sourceTree = "<group>"; };
		33A5D9A8229310A2007467EF /* Base */ = {isa = PBXFileReference; lastKnownFileType = file.storyboard; name = Base; path = Base.lproj/Main.storyboard; sourceTree = "<group>"; };
		33A5D9AA229310A3007467EF /* Assets.xcassets */ = {isa = PBXFileReference; lastKnownFileType = folder.assetcatalog; path = Assets.xcassets; sourceTree = "<group>"; };
		33A5D9AD229310A3007467EF /* Base */ = {isa = PBXFileReference; lastKnownFileType = file.storyboard; name = Base; path = Base.lproj/LaunchScreen.storyboard; sourceTree = "<group>"; };
		33A5D9AF229310A3007467EF /* Info.plist */ = {isa = PBXFileReference; lastKnownFileType = text.plist.xml; path = Info.plist; sourceTree = "<group>"; };
		33A5D9B4229310A4007467EF /* renTechTests.xctest */ = {isa = PBXFileReference; explicitFileType = wrapper.cfbundle; includeInIndex = 0; path = renTechTests.xctest; sourceTree = BUILT_PRODUCTS_DIR; };
		33A5D9B8229310A4007467EF /* Use_My_Tech_StuffTests.swift */ = {isa = PBXFileReference; lastKnownFileType = sourcecode.swift; path = Use_My_Tech_StuffTests.swift; sourceTree = "<group>"; };
		33A5D9BA229310A4007467EF /* Info.plist */ = {isa = PBXFileReference; lastKnownFileType = text.plist.xml; path = Info.plist; sourceTree = "<group>"; };
		33A5D9CA22931453007467EF /* User.swift */ = {isa = PBXFileReference; lastKnownFileType = sourcecode.swift; path = User.swift; sourceTree = "<group>"; };
		33A5D9CD22931502007467EF /* UIAlertController+NetError.swift */ = {isa = PBXFileReference; fileEncoding = 4; lastKnownFileType = sourcecode.swift; path = "UIAlertController+NetError.swift"; sourceTree = "<group>"; };
		33A5D9CE22931502007467EF /* NetworkHandler.swift */ = {isa = PBXFileReference; fileEncoding = 4; lastKnownFileType = sourcecode.swift; path = NetworkHandler.swift; sourceTree = "<group>"; };
		33A5D9D122931FCD007467EF /* Cartfile */ = {isa = PBXFileReference; lastKnownFileType = text; path = Cartfile; sourceTree = "<group>"; };
		33A5D9D622932086007467EF /* SwiftyUtils.framework */ = {isa = PBXFileReference; lastKnownFileType = wrapper.framework; name = SwiftyUtils.framework; path = Carthage/Build/iOS/SwiftyUtils.framework; sourceTree = "<group>"; };
		33A5D9D822932158007467EF /* .swiftlint.yml */ = {isa = PBXFileReference; lastKnownFileType = text; path = .swiftlint.yml; sourceTree = "<group>"; };
		33A5D9DA22932208007467EF /* SwiftyUtils.framework */ = {isa = PBXFileReference; lastKnownFileType = wrapper.framework; name = SwiftyUtils.framework; path = Carthage/Build/iOS/SwiftyUtils.framework; sourceTree = SOURCE_ROOT; };
		33A5D9E122933053007467EF /* TechStuffController.swift */ = {isa = PBXFileReference; lastKnownFileType = sourcecode.swift; path = TechStuffController.swift; sourceTree = "<group>"; };
		33A5D9E3229352E0007467EF /* IQKeyboardManagerSwift.framework */ = {isa = PBXFileReference; lastKnownFileType = wrapper.framework; name = IQKeyboardManagerSwift.framework; path = Carthage/Build/iOS/IQKeyboardManagerSwift.framework; sourceTree = SOURCE_ROOT; };
		33A5D9E52293747C007467EF /* ItemListing.swift */ = {isa = PBXFileReference; lastKnownFileType = sourcecode.swift; path = ItemListing.swift; sourceTree = "<group>"; };
		33A5D9EB229459D1007467EF /* BaseTabViewController.swift */ = {isa = PBXFileReference; lastKnownFileType = sourcecode.swift; path = BaseTabViewController.swift; sourceTree = "<group>"; };
		33A5D9ED22945DC7007467EF /* Browse.storyboard */ = {isa = PBXFileReference; lastKnownFileType = file.storyboard; path = Browse.storyboard; sourceTree = "<group>"; };
		33A5D9EF22946040007467EF /* Faves.storyboard */ = {isa = PBXFileReference; lastKnownFileType = file.storyboard; path = Faves.storyboard; sourceTree = "<group>"; };
		33A5D9F5229460CA007467EF /* Stuff.storyboard */ = {isa = PBXFileReference; lastKnownFileType = file.storyboard; path = Stuff.storyboard; sourceTree = "<group>"; };
		33A5D9F722946BBE007467EF /* CategoriesController.swift */ = {isa = PBXFileReference; lastKnownFileType = sourcecode.swift; path = CategoriesController.swift; sourceTree = "<group>"; };
		33A5D9F922946D7B007467EF /* Nunito.ttf */ = {isa = PBXFileReference; lastKnownFileType = file; name = Nunito.ttf; path = ../../../assets/fonts/Nunito.ttf; sourceTree = "<group>"; };
		33A5D9FB22946E03007467EF /* BrowseCollectionViewCell.swift */ = {isa = PBXFileReference; lastKnownFileType = sourcecode.swift; path = BrowseCollectionViewCell.swift; sourceTree = "<group>"; };
		33A5D9FD22947BFF007467EF /* SearchResultTableViewCell.swift */ = {isa = PBXFileReference; lastKnownFileType = sourcecode.swift; path = SearchResultTableViewCell.swift; sourceTree = "<group>"; };
		33A5D9FF2294A17D007467EF /* BrowseViewController.swift */ = {isa = PBXFileReference; lastKnownFileType = sourcecode.swift; path = BrowseViewController.swift; sourceTree = "<group>"; };
		33A5DA012294A18F007467EF /* SearchResultTableViewController.swift */ = {isa = PBXFileReference; lastKnownFileType = sourcecode.swift; path = SearchResultTableViewController.swift; sourceTree = "<group>"; };
		33A5DA042294B2E1007467EF /* SearchResultTableViewCell.xib */ = {isa = PBXFileReference; lastKnownFileType = file.xib; path = SearchResultTableViewCell.xib; sourceTree = "<group>"; };
		33A5DA072294C0C8007467EF /* RandomItemController.swift */ = {isa = PBXFileReference; fileEncoding = 4; lastKnownFileType = sourcecode.swift; path = RandomItemController.swift; sourceTree = "<group>"; };
		33A5DA0A2294C803007467EF /* BrowseCollectionViewCell.xib */ = {isa = PBXFileReference; lastKnownFileType = file.xib; path = BrowseCollectionViewCell.xib; sourceTree = "<group>"; };
		33A5DA0D2294D0D9007467EF /* ListingDetailViewController.swift */ = {isa = PBXFileReference; lastKnownFileType = sourcecode.swift; path = ListingDetailViewController.swift; sourceTree = "<group>"; };
		33A5DA0E2294D0D9007467EF /* ListingDetailViewController.xib */ = {isa = PBXFileReference; lastKnownFileType = file.xib; path = ListingDetailViewController.xib; sourceTree = "<group>"; };
		33A5DA112294F664007467EF /* StringFormatting.swift */ = {isa = PBXFileReference; lastKnownFileType = sourcecode.swift; path = StringFormatting.swift; sourceTree = "<group>"; };
		33AC2F2A2294FB6C00884B81 /* EditListingDetailViewController.swift */ = {isa = PBXFileReference; fileEncoding = 4; lastKnownFileType = sourcecode.swift; path = EditListingDetailViewController.swift; sourceTree = "<group>"; };
		33AC2F2C2294FB7600884B81 /* EditListingDetailViewController.xib */ = {isa = PBXFileReference; fileEncoding = 4; lastKnownFileType = file.xib; path = EditListingDetailViewController.xib; sourceTree = "<group>"; };
		33AC2F2E2294FE2A00884B81 /* StuffTableViewController.swift */ = {isa = PBXFileReference; lastKnownFileType = sourcecode.swift; path = StuffTableViewController.swift; sourceTree = "<group>"; };
		33AC2F302294FFCB00884B81 /* StuffNavController.swift */ = {isa = PBXFileReference; lastKnownFileType = sourcecode.swift; path = StuffNavController.swift; sourceTree = "<group>"; };
		33AC2F35229500AC00884B81 /* ItemCategory.swift */ = {isa = PBXFileReference; lastKnownFileType = sourcecode.swift; path = ItemCategory.swift; sourceTree = "<group>"; };
		33F337112298AC1A00D74CAF /* TouchVisualizer.framework */ = {isa = PBXFileReference; lastKnownFileType = wrapper.framework; name = TouchVisualizer.framework; path = Carthage/Build/iOS/TouchVisualizer.framework; sourceTree = SOURCE_ROOT; };
/* End PBXFileReference section */

/* Begin PBXFrameworksBuildPhase section */
		33A5D99D229310A2007467EF /* Frameworks */ = {
			isa = PBXFrameworksBuildPhase;
			buildActionMask = 2147483647;
			files = (
				33A5D9DF229325E0007467EF /* SwiftyUtils.framework in Frameworks */,
				33A5D9E4229352E0007467EF /* IQKeyboardManagerSwift.framework in Frameworks */,
				33685CF12296603400EA57AB /* JWTDecode.framework in Frameworks */,
				33F337122298AC1A00D74CAF /* TouchVisualizer.framework in Frameworks */,
			);
			runOnlyForDeploymentPostprocessing = 0;
		};
		33A5D9B1229310A4007467EF /* Frameworks */ = {
			isa = PBXFrameworksBuildPhase;
			buildActionMask = 2147483647;
			files = (
			);
			runOnlyForDeploymentPostprocessing = 0;
		};
/* End PBXFrameworksBuildPhase section */

/* Begin PBXGroup section */
		33685CED2296485E00EA57AB /* Favorites */ = {
			isa = PBXGroup;
			children = (
				33685CEB2296485A00EA57AB /* FavoritesTableViewController.swift */,
				33685CEE2296489300EA57AB /* FavoritesNavController.swift */,
			);
			path = Favorites;
			sourceTree = "<group>";
		};
		33A5D997229310A2007467EF = {
			isa = PBXGroup;
			children = (
				33A5D9D822932158007467EF /* .swiftlint.yml */,
				33A5D9D122931FCD007467EF /* Cartfile */,
				33A5D9A2229310A2007467EF /* renTech */,
				33A5D9B7229310A4007467EF /* renTechTests */,
				33A5D9DE22932441007467EF /* Frameworks */,
				33A5D9A1229310A2007467EF /* Products */,
				33A5D9D522932086007467EF /* Frameworks */,
			);
			sourceTree = "<group>";
		};
		33A5D9A1229310A2007467EF /* Products */ = {
			isa = PBXGroup;
			children = (
				33A5D9A0229310A2007467EF /* renTech.app */,
				33A5D9B4229310A4007467EF /* renTechTests.xctest */,
			);
			name = Products;
			sourceTree = "<group>";
		};
		33A5D9A2229310A2007467EF /* renTech */ = {
			isa = PBXGroup;
			children = (
				33A5D9CC229314FA007467EF /* Helpers */,
				33A5D9C6229311E0007467EF /* View Controllers */,
				33A5D9C5229311DC007467EF /* Views */,
				33A5D9C4229311D6007467EF /* Model Controllers */,
				33A5D9C3229311D2007467EF /* Models */,
				33A5D9A3229310A2007467EF /* AppDelegate.swift */,
				33A5D9C7229311EA007467EF /* Resources */,
			);
			path = renTech;
			sourceTree = "<group>";
		};
		33A5D9B7229310A4007467EF /* renTechTests */ = {
			isa = PBXGroup;
			children = (
				33A5D9B8229310A4007467EF /* Use_My_Tech_StuffTests.swift */,
				33A5D9BA229310A4007467EF /* Info.plist */,
			);
			path = renTechTests;
			sourceTree = "<group>";
		};
		33A5D9C3229311D2007467EF /* Models */ = {
			isa = PBXGroup;
			children = (
				33A5D9CA22931453007467EF /* User.swift */,
				33A5D9E52293747C007467EF /* ItemListing.swift */,
			);
			path = Models;
			sourceTree = "<group>";
		};
		33A5D9C4229311D6007467EF /* Model Controllers */ = {
			isa = PBXGroup;
			children = (
				33A5D9E122933053007467EF /* TechStuffController.swift */,
				33A5D9F722946BBE007467EF /* CategoriesController.swift */,
				33A5DA072294C0C8007467EF /* RandomItemController.swift */,
			);
			path = "Model Controllers";
			sourceTree = "<group>";
		};
		33A5D9C5229311DC007467EF /* Views */ = {
			isa = PBXGroup;
			children = (
				332E611722978C1900AE2442 /* ImageAnimator.swift */,
				332E611922978C4800AE2442 /* ImageAnimator.xib */,
				3301393822976B19006F5C96 /* StuffTableHeaderView.swift */,
				3301393922976B19006F5C96 /* StuffTableHeaderView.xib */,
				33A5D9FB22946E03007467EF /* BrowseCollectionViewCell.swift */,
				33A5DA0A2294C803007467EF /* BrowseCollectionViewCell.xib */,
				33A5D9FD22947BFF007467EF /* SearchResultTableViewCell.swift */,
				33A5DA042294B2E1007467EF /* SearchResultTableViewCell.xib */,
				33685CF722970DB300EA57AB /* GradientView.swift */,
			);
			path = Views;
			sourceTree = "<group>";
		};
		33A5D9C6229311E0007467EF /* View Controllers */ = {
			isa = PBXGroup;
			children = (
				33A5D9A5229310A2007467EF /* LoginViewController.swift */,
				33A5D9EB229459D1007467EF /* BaseTabViewController.swift */,
				33AC2F342294FFFB00884B81 /* Browse and Search */,
				33AC2F332294FFEC00884B81 /* Listing Detail */,
				33AC2F322294FFE500884B81 /* Stuff */,
				33685CED2296485E00EA57AB /* Favorites */,
			);
			path = "View Controllers";
			sourceTree = "<group>";
		};
		33A5D9C7229311EA007467EF /* Resources */ = {
			isa = PBXGroup;
			children = (
				33A5D9F922946D7B007467EF /* Nunito.ttf */,
				33685CF92297227700EA57AB /* Nunito-Bold.ttf */,
				33685CFA2297227700EA57AB /* Nunito-SemiBold.ttf */,
				33A5D9A7229310A2007467EF /* Main.storyboard */,
				33A5D9ED22945DC7007467EF /* Browse.storyboard */,
				33A5D9EF22946040007467EF /* Faves.storyboard */,
				33A5D9F5229460CA007467EF /* Stuff.storyboard */,
				33A5D9AA229310A3007467EF /* Assets.xcassets */,
				33A5D9AC229310A3007467EF /* LaunchScreen.storyboard */,
				33A5D9AF229310A3007467EF /* Info.plist */,
			);
			path = Resources;
			sourceTree = "<group>";
		};
		33A5D9CC229314FA007467EF /* Helpers */ = {
			isa = PBXGroup;
			children = (
				33A5D9E022933021007467EF /* Generic Network */,
				33A5DA112294F664007467EF /* StringFormatting.swift */,
				33AC2F35229500AC00884B81 /* ItemCategory.swift */,
				33685CE92296308900EA57AB /* Helpers.swift */,
			);
			path = Helpers;
			sourceTree = "<group>";
		};
		33A5D9D522932086007467EF /* Frameworks */ = {
			isa = PBXGroup;
			children = (
				33A5D9D622932086007467EF /* SwiftyUtils.framework */,
			);
			name = Frameworks;
			sourceTree = "<group>";
		};
		33A5D9DE22932441007467EF /* Frameworks */ = {
			isa = PBXGroup;
			children = (
				33F337112298AC1A00D74CAF /* TouchVisualizer.framework */,
				33685CF02296603400EA57AB /* JWTDecode.framework */,
				33A5D9E3229352E0007467EF /* IQKeyboardManagerSwift.framework */,
				33A5D9DA22932208007467EF /* SwiftyUtils.framework */,
			);
			path = Frameworks;
			sourceTree = "<group>";
		};
		33A5D9E022933021007467EF /* Generic Network */ = {
			isa = PBXGroup;
			children = (
				33A5D9CE22931502007467EF /* NetworkHandler.swift */,
				33A5D9CD22931502007467EF /* UIAlertController+NetError.swift */,
			);
			path = "Generic Network";
			sourceTree = "<group>";
		};
		33AC2F322294FFE500884B81 /* Stuff */ = {
			isa = PBXGroup;
			children = (
				33AC2F2E2294FE2A00884B81 /* StuffTableViewController.swift */,
				33AC2F302294FFCB00884B81 /* StuffNavController.swift */,
				33685CF52296640600EA57AB /* ProfileViewController.swift */,
				33685CFD2297334A00EA57AB /* StuffAndProfileContainerController.swift */,
			);
			path = Stuff;
			sourceTree = "<group>";
		};
		33AC2F332294FFEC00884B81 /* Listing Detail */ = {
			isa = PBXGroup;
			children = (
				33A5DA0D2294D0D9007467EF /* ListingDetailViewController.swift */,
				33A5DA0E2294D0D9007467EF /* ListingDetailViewController.xib */,
				33AC2F2A2294FB6C00884B81 /* EditListingDetailViewController.swift */,
				33AC2F2C2294FB7600884B81 /* EditListingDetailViewController.xib */,
			);
			path = "Listing Detail";
			sourceTree = "<group>";
		};
		33AC2F342294FFFB00884B81 /* Browse and Search */ = {
			isa = PBXGroup;
			children = (
				33A5D9FF2294A17D007467EF /* BrowseViewController.swift */,
				33A5DA012294A18F007467EF /* SearchResultTableViewController.swift */,
			);
			path = "Browse and Search";
			sourceTree = "<group>";
		};
/* End PBXGroup section */

/* Begin PBXNativeTarget section */
		33A5D99F229310A2007467EF /* renTech */ = {
			isa = PBXNativeTarget;
			buildConfigurationList = 33A5D9BD229310A4007467EF /* Build configuration list for PBXNativeTarget "renTech" */;
			buildPhases = (
				33A5D9C822931208007467EF /* Run Script - swiftlint */,
				33A5D99C229310A2007467EF /* Sources */,
				33A5D99D229310A2007467EF /* Frameworks */,
				33A5D99E229310A2007467EF /* Resources */,
				33A5D9C92293122D007467EF /* Run Script - Increment Build Script */,
				33A5D9D42293203D007467EF /* Run Script - carthage */,
			);
			buildRules = (
			);
			dependencies = (
			);
			name = renTech;
			productName = "Use My Tech Stuff";
			productReference = 33A5D9A0229310A2007467EF /* renTech.app */;
			productType = "com.apple.product-type.application";
		};
		33A5D9B3229310A4007467EF /* renTechTests */ = {
			isa = PBXNativeTarget;
			buildConfigurationList = 33A5D9C0229310A4007467EF /* Build configuration list for PBXNativeTarget "renTechTests" */;
			buildPhases = (
				33A5D9B0229310A4007467EF /* Sources */,
				33A5D9B1229310A4007467EF /* Frameworks */,
				33A5D9B2229310A4007467EF /* Resources */,
			);
			buildRules = (
			);
			dependencies = (
				33A5D9B6229310A4007467EF /* PBXTargetDependency */,
			);
			name = renTechTests;
			productName = "Use My Tech StuffTests";
			productReference = 33A5D9B4229310A4007467EF /* renTechTests.xctest */;
			productType = "com.apple.product-type.bundle.unit-test";
		};
/* End PBXNativeTarget section */

/* Begin PBXProject section */
		33A5D998229310A2007467EF /* Project object */ = {
			isa = PBXProject;
			attributes = {
				LastSwiftUpdateCheck = 1020;
				LastUpgradeCheck = 1020;
				ORGANIZATIONNAME = "Red_Egg Productions";
				TargetAttributes = {
					33A5D99F229310A2007467EF = {
						CreatedOnToolsVersion = 10.2.1;
					};
					33A5D9B3229310A4007467EF = {
						CreatedOnToolsVersion = 10.2.1;
						TestTargetID = 33A5D99F229310A2007467EF;
					};
				};
			};
			buildConfigurationList = 33A5D99B229310A2007467EF /* Build configuration list for PBXProject "renTech" */;
			compatibilityVersion = "Xcode 9.3";
			developmentRegion = en;
			hasScannedForEncodings = 0;
			knownRegions = (
				en,
				Base,
			);
			mainGroup = 33A5D997229310A2007467EF;
			productRefGroup = 33A5D9A1229310A2007467EF /* Products */;
			projectDirPath = "";
			projectRoot = "";
			targets = (
				33A5D99F229310A2007467EF /* renTech */,
				33A5D9B3229310A4007467EF /* renTechTests */,
			);
		};
/* End PBXProject section */

/* Begin PBXResourcesBuildPhase section */
		33A5D99E229310A2007467EF /* Resources */ = {
			isa = PBXResourcesBuildPhase;
			buildActionMask = 2147483647;
			files = (
				33A5D9EE22945DC7007467EF /* Browse.storyboard in Resources */,
				33A5D9D922932158007467EF /* .swiftlint.yml in Resources */,
				33A5D9AE229310A3007467EF /* LaunchScreen.storyboard in Resources */,
				33685CFC2297227700EA57AB /* Nunito-SemiBold.ttf in Resources */,
				33A5D9AB229310A3007467EF /* Assets.xcassets in Resources */,
				33A5D9F022946040007467EF /* Faves.storyboard in Resources */,
				33AC2F2D2294FB7600884B81 /* EditListingDetailViewController.xib in Resources */,
				3301393B22976B19006F5C96 /* StuffTableHeaderView.xib in Resources */,
				33685CFB2297227700EA57AB /* Nunito-Bold.ttf in Resources */,
				33A5D9F6229460CA007467EF /* Stuff.storyboard in Resources */,
				33A5DA102294D0D9007467EF /* ListingDetailViewController.xib in Resources */,
				332E611A22978C4800AE2442 /* ImageAnimator.xib in Resources */,
				33A5D9D222931FCD007467EF /* Cartfile in Resources */,
				33A5DA0C2294C803007467EF /* BrowseCollectionViewCell.xib in Resources */,
				33A5D9FA22946D7B007467EF /* Nunito.ttf in Resources */,
				33A5DA062294B2E1007467EF /* SearchResultTableViewCell.xib in Resources */,
				33A5D9A9229310A2007467EF /* Main.storyboard in Resources */,
			);
			runOnlyForDeploymentPostprocessing = 0;
		};
		33A5D9B2229310A4007467EF /* Resources */ = {
			isa = PBXResourcesBuildPhase;
			buildActionMask = 2147483647;
			files = (
			);
			runOnlyForDeploymentPostprocessing = 0;
		};
/* End PBXResourcesBuildPhase section */

/* Begin PBXShellScriptBuildPhase section */
		33A5D9C822931208007467EF /* Run Script - swiftlint */ = {
			isa = PBXShellScriptBuildPhase;
			buildActionMask = 2147483647;
			files = (
			);
			inputFileListPaths = (
			);
			inputPaths = (
			);
			name = "Run Script - swiftlint";
			outputFileListPaths = (
			);
			outputPaths = (
			);
			runOnlyForDeploymentPostprocessing = 0;
			shellPath = /bin/sh;
			shellScript = "if which swiftlint >/dev/null; then\n    swiftlint\nfi\n";
		};
		33A5D9C92293122D007467EF /* Run Script - Increment Build Script */ = {
			isa = PBXShellScriptBuildPhase;
			buildActionMask = 2147483647;
			files = (
			);
			inputFileListPaths = (
			);
			inputPaths = (
			);
			name = "Run Script - Increment Build Script";
			outputFileListPaths = (
			);
			outputPaths = (
			);
			runOnlyForDeploymentPostprocessing = 0;
			shellPath = /bin/sh;
			shellScript = "#!/bin/bash\nbN=$(/usr/libexec/PlistBuddy -c \"Print CFBundleVersion\" \"$INFOPLIST_FILE\")\nbN=$((bN += 1))\nbN=$(printf \"%d\" $bN)\n/usr/libexec/PlistBuddy -c \"Set :CFBundleVersion $bN\" \"$INFOPLIST_FILE\"\n";
		};
		33A5D9D42293203D007467EF /* Run Script - carthage */ = {
			isa = PBXShellScriptBuildPhase;
			buildActionMask = 2147483647;
			files = (
			);
			inputFileListPaths = (
			);
			inputPaths = (
				"$(SRCROOT)/Carthage/Build/iOS/SwiftyUtils.framework",
				"$(SRCROOT)/Carthage/Build/iOS/IQKeyboardManagerSwift.framework",
				"$(SRCROOT)/Carthage/Build/iOS/JWTDecode.framework",
				"$(SRCROOT)/Carthage/Build/iOS/TouchVisualizer.framework",
			);
			name = "Run Script - carthage";
			outputFileListPaths = (
			);
			outputPaths = (
				"$(BUILT_PRODUCTS_DIR)/$(FRAMEWORKS_FOLDER_PATH)/SwiftyUtils.framework",
				"$(BUILT_PRODUCTS_DIR)/$(FRAMEWORKS_FOLDER_PATH)/IQKeyboardManagerSwift.framework",
				"$(BUILT_PRODUCTS_DIR)/$(FRAMEWORKS_FOLDER_PATH)/JWTDecode.framework",
				"$(BUILT_PRODUCTS_DIR)/$(FRAMEWORKS_FOLDER_PATH)/TouchVisualizer.framework",
			);
			runOnlyForDeploymentPostprocessing = 0;
			shellPath = /bin/sh;
			shellScript = "/usr/local/bin/carthage copy-frameworks\n/usr/local/bin/carthage outdated --xcode-warnings\n";
		};
/* End PBXShellScriptBuildPhase section */

/* Begin PBXSourcesBuildPhase section */
		33A5D99C229310A2007467EF /* Sources */ = {
			isa = PBXSourcesBuildPhase;
			buildActionMask = 2147483647;
			files = (
				33AC2F36229500AC00884B81 /* ItemCategory.swift in Sources */,
				33AC2F2B2294FB6C00884B81 /* EditListingDetailViewController.swift in Sources */,
				33A5D9A6229310A2007467EF /* LoginViewController.swift in Sources */,
				33A5DA022294A18F007467EF /* SearchResultTableViewController.swift in Sources */,
				33685CEA2296308900EA57AB /* Helpers.swift in Sources */,
				33685CEC2296485A00EA57AB /* FavoritesTableViewController.swift in Sources */,
				33AC2F312294FFCB00884B81 /* StuffNavController.swift in Sources */,
				33A5D9FE22947BFF007467EF /* SearchResultTableViewCell.swift in Sources */,
				33A5DA122294F664007467EF /* StringFormatting.swift in Sources */,
				33685CFE2297334A00EA57AB /* StuffAndProfileContainerController.swift in Sources */,
				33A5D9E62293747C007467EF /* ItemListing.swift in Sources */,
				33685CF822970DB300EA57AB /* GradientView.swift in Sources */,
				33AC2F2F2294FE2A00884B81 /* StuffTableViewController.swift in Sources */,
				3301393A22976B19006F5C96 /* StuffTableHeaderView.swift in Sources */,
				33A5D9A4229310A2007467EF /* AppDelegate.swift in Sources */,
				33A5D9F822946BBE007467EF /* CategoriesController.swift in Sources */,
				33A5D9CF22931502007467EF /* UIAlertController+NetError.swift in Sources */,
				33A5DA082294C0C8007467EF /* RandomItemController.swift in Sources */,
				33A5DA002294A17D007467EF /* BrowseViewController.swift in Sources */,
				33A5DA0F2294D0D9007467EF /* ListingDetailViewController.swift in Sources */,
				33A5D9E222933053007467EF /* TechStuffController.swift in Sources */,
				33A5D9D022931502007467EF /* NetworkHandler.swift in Sources */,
				33685CEF2296489300EA57AB /* FavoritesNavController.swift in Sources */,
				33A5D9CB22931453007467EF /* User.swift in Sources */,
				332E611822978C1900AE2442 /* ImageAnimator.swift in Sources */,
				33685CF62296640600EA57AB /* ProfileViewController.swift in Sources */,
				33A5D9FC22946E03007467EF /* BrowseCollectionViewCell.swift in Sources */,
				33A5D9EC229459D1007467EF /* BaseTabViewController.swift in Sources */,
			);
			runOnlyForDeploymentPostprocessing = 0;
		};
		33A5D9B0229310A4007467EF /* Sources */ = {
			isa = PBXSourcesBuildPhase;
			buildActionMask = 2147483647;
			files = (
				33A5D9B9229310A4007467EF /* Use_My_Tech_StuffTests.swift in Sources */,
			);
			runOnlyForDeploymentPostprocessing = 0;
		};
/* End PBXSourcesBuildPhase section */

/* Begin PBXTargetDependency section */
		33A5D9B6229310A4007467EF /* PBXTargetDependency */ = {
			isa = PBXTargetDependency;
			target = 33A5D99F229310A2007467EF /* renTech */;
			targetProxy = 33A5D9B5229310A4007467EF /* PBXContainerItemProxy */;
		};
/* End PBXTargetDependency section */

/* Begin PBXVariantGroup section */
		33A5D9A7229310A2007467EF /* Main.storyboard */ = {
			isa = PBXVariantGroup;
			children = (
				33A5D9A8229310A2007467EF /* Base */,
			);
			name = Main.storyboard;
			sourceTree = "<group>";
		};
		33A5D9AC229310A3007467EF /* LaunchScreen.storyboard */ = {
			isa = PBXVariantGroup;
			children = (
				33A5D9AD229310A3007467EF /* Base */,
			);
			name = LaunchScreen.storyboard;
			sourceTree = "<group>";
		};
/* End PBXVariantGroup section */

/* Begin XCBuildConfiguration section */
		33A5D9BB229310A4007467EF /* Debug */ = {
			isa = XCBuildConfiguration;
			buildSettings = {
				ALWAYS_SEARCH_USER_PATHS = NO;
				CLANG_ANALYZER_NONNULL = YES;
				CLANG_ANALYZER_NUMBER_OBJECT_CONVERSION = YES_AGGRESSIVE;
				CLANG_CXX_LANGUAGE_STANDARD = "gnu++14";
				CLANG_CXX_LIBRARY = "libc++";
				CLANG_ENABLE_MODULES = YES;
				CLANG_ENABLE_OBJC_ARC = YES;
				CLANG_ENABLE_OBJC_WEAK = YES;
				CLANG_WARN_BLOCK_CAPTURE_AUTORELEASING = YES;
				CLANG_WARN_BOOL_CONVERSION = YES;
				CLANG_WARN_COMMA = YES;
				CLANG_WARN_CONSTANT_CONVERSION = YES;
				CLANG_WARN_DEPRECATED_OBJC_IMPLEMENTATIONS = YES;
				CLANG_WARN_DIRECT_OBJC_ISA_USAGE = YES_ERROR;
				CLANG_WARN_DOCUMENTATION_COMMENTS = YES;
				CLANG_WARN_EMPTY_BODY = YES;
				CLANG_WARN_ENUM_CONVERSION = YES;
				CLANG_WARN_INFINITE_RECURSION = YES;
				CLANG_WARN_INT_CONVERSION = YES;
				CLANG_WARN_NON_LITERAL_NULL_CONVERSION = YES;
				CLANG_WARN_OBJC_IMPLICIT_RETAIN_SELF = YES;
				CLANG_WARN_OBJC_LITERAL_CONVERSION = YES;
				CLANG_WARN_OBJC_ROOT_CLASS = YES_ERROR;
				CLANG_WARN_RANGE_LOOP_ANALYSIS = YES;
				CLANG_WARN_STRICT_PROTOTYPES = YES;
				CLANG_WARN_SUSPICIOUS_MOVE = YES;
				CLANG_WARN_UNGUARDED_AVAILABILITY = YES_AGGRESSIVE;
				CLANG_WARN_UNREACHABLE_CODE = YES;
				CLANG_WARN__DUPLICATE_METHOD_MATCH = YES;
				CODE_SIGN_IDENTITY = "iPhone Developer";
				COPY_PHASE_STRIP = NO;
				DEBUG_INFORMATION_FORMAT = dwarf;
				ENABLE_STRICT_OBJC_MSGSEND = YES;
				ENABLE_TESTABILITY = YES;
				GCC_C_LANGUAGE_STANDARD = gnu11;
				GCC_DYNAMIC_NO_PIC = NO;
				GCC_NO_COMMON_BLOCKS = YES;
				GCC_OPTIMIZATION_LEVEL = 0;
				GCC_PREPROCESSOR_DEFINITIONS = (
					"DEBUG=1",
					"$(inherited)",
				);
				GCC_WARN_64_TO_32_BIT_CONVERSION = YES;
				GCC_WARN_ABOUT_RETURN_TYPE = YES_ERROR;
				GCC_WARN_UNDECLARED_SELECTOR = YES;
				GCC_WARN_UNINITIALIZED_AUTOS = YES_AGGRESSIVE;
				GCC_WARN_UNUSED_FUNCTION = YES;
				GCC_WARN_UNUSED_VARIABLE = YES;
				IPHONEOS_DEPLOYMENT_TARGET = 12.2;
				MTL_ENABLE_DEBUG_INFO = INCLUDE_SOURCE;
				MTL_FAST_MATH = YES;
				ONLY_ACTIVE_ARCH = YES;
				SDKROOT = iphoneos;
				SWIFT_ACTIVE_COMPILATION_CONDITIONS = DEBUG;
				SWIFT_OPTIMIZATION_LEVEL = "-Onone";
			};
			name = Debug;
		};
		33A5D9BC229310A4007467EF /* Release */ = {
			isa = XCBuildConfiguration;
			buildSettings = {
				ALWAYS_SEARCH_USER_PATHS = NO;
				CLANG_ANALYZER_NONNULL = YES;
				CLANG_ANALYZER_NUMBER_OBJECT_CONVERSION = YES_AGGRESSIVE;
				CLANG_CXX_LANGUAGE_STANDARD = "gnu++14";
				CLANG_CXX_LIBRARY = "libc++";
				CLANG_ENABLE_MODULES = YES;
				CLANG_ENABLE_OBJC_ARC = YES;
				CLANG_ENABLE_OBJC_WEAK = YES;
				CLANG_WARN_BLOCK_CAPTURE_AUTORELEASING = YES;
				CLANG_WARN_BOOL_CONVERSION = YES;
				CLANG_WARN_COMMA = YES;
				CLANG_WARN_CONSTANT_CONVERSION = YES;
				CLANG_WARN_DEPRECATED_OBJC_IMPLEMENTATIONS = YES;
				CLANG_WARN_DIRECT_OBJC_ISA_USAGE = YES_ERROR;
				CLANG_WARN_DOCUMENTATION_COMMENTS = YES;
				CLANG_WARN_EMPTY_BODY = YES;
				CLANG_WARN_ENUM_CONVERSION = YES;
				CLANG_WARN_INFINITE_RECURSION = YES;
				CLANG_WARN_INT_CONVERSION = YES;
				CLANG_WARN_NON_LITERAL_NULL_CONVERSION = YES;
				CLANG_WARN_OBJC_IMPLICIT_RETAIN_SELF = YES;
				CLANG_WARN_OBJC_LITERAL_CONVERSION = YES;
				CLANG_WARN_OBJC_ROOT_CLASS = YES_ERROR;
				CLANG_WARN_RANGE_LOOP_ANALYSIS = YES;
				CLANG_WARN_STRICT_PROTOTYPES = YES;
				CLANG_WARN_SUSPICIOUS_MOVE = YES;
				CLANG_WARN_UNGUARDED_AVAILABILITY = YES_AGGRESSIVE;
				CLANG_WARN_UNREACHABLE_CODE = YES;
				CLANG_WARN__DUPLICATE_METHOD_MATCH = YES;
				CODE_SIGN_IDENTITY = "iPhone Developer";
				COPY_PHASE_STRIP = NO;
				DEBUG_INFORMATION_FORMAT = "dwarf-with-dsym";
				ENABLE_NS_ASSERTIONS = NO;
				ENABLE_STRICT_OBJC_MSGSEND = YES;
				GCC_C_LANGUAGE_STANDARD = gnu11;
				GCC_NO_COMMON_BLOCKS = YES;
				GCC_WARN_64_TO_32_BIT_CONVERSION = YES;
				GCC_WARN_ABOUT_RETURN_TYPE = YES_ERROR;
				GCC_WARN_UNDECLARED_SELECTOR = YES;
				GCC_WARN_UNINITIALIZED_AUTOS = YES_AGGRESSIVE;
				GCC_WARN_UNUSED_FUNCTION = YES;
				GCC_WARN_UNUSED_VARIABLE = YES;
				IPHONEOS_DEPLOYMENT_TARGET = 12.2;
				MTL_ENABLE_DEBUG_INFO = NO;
				MTL_FAST_MATH = YES;
				SDKROOT = iphoneos;
				SWIFT_COMPILATION_MODE = wholemodule;
				SWIFT_OPTIMIZATION_LEVEL = "-O";
				VALIDATE_PRODUCT = YES;
			};
			name = Release;
		};
		33A5D9BE229310A4007467EF /* Debug */ = {
			isa = XCBuildConfiguration;
			buildSettings = {
				ASSETCATALOG_COMPILER_APPICON_NAME = AppIcon;
				CODE_SIGN_STYLE = Automatic;
				DEVELOPMENT_TEAM = VXUQXR6S56;
				FRAMEWORK_SEARCH_PATHS = (
					"$(inherited)",
					"$(PROJECT_DIR)/Carthage/Build/iOS",
				);
				INFOPLIST_FILE = "$(SRCROOT)/renTech/Resources/Info.plist";
				IPHONEOS_DEPLOYMENT_TARGET = 11.0;
				LD_RUNPATH_SEARCH_PATHS = (
					"$(inherited)",
					"@executable_path/Frameworks",
				);
				PRODUCT_BUNDLE_IDENTIFIER = com.redeggproductions.renTech;
				PRODUCT_NAME = "$(TARGET_NAME)";
				SWIFT_VERSION = 5.0;
				TARGETED_DEVICE_FAMILY = "1,2";
			};
			name = Debug;
		};
		33A5D9BF229310A4007467EF /* Release */ = {
			isa = XCBuildConfiguration;
			buildSettings = {
				ASSETCATALOG_COMPILER_APPICON_NAME = AppIcon;
				CODE_SIGN_STYLE = Automatic;
				DEVELOPMENT_TEAM = VXUQXR6S56;
				FRAMEWORK_SEARCH_PATHS = (
					"$(inherited)",
					"$(PROJECT_DIR)/Carthage/Build/iOS",
				);
				INFOPLIST_FILE = "$(SRCROOT)/renTech/Resources/Info.plist";
				IPHONEOS_DEPLOYMENT_TARGET = 11.0;
				LD_RUNPATH_SEARCH_PATHS = (
					"$(inherited)",
					"@executable_path/Frameworks",
				);
				PRODUCT_BUNDLE_IDENTIFIER = com.redeggproductions.renTech;
				PRODUCT_NAME = "$(TARGET_NAME)";
				SWIFT_VERSION = 5.0;
				TARGETED_DEVICE_FAMILY = "1,2";
			};
			name = Release;
		};
		33A5D9C1229310A4007467EF /* Debug */ = {
			isa = XCBuildConfiguration;
			buildSettings = {
				ALWAYS_EMBED_SWIFT_STANDARD_LIBRARIES = YES;
				BUNDLE_LOADER = "$(TEST_HOST)";
				CODE_SIGN_STYLE = Automatic;
				DEVELOPMENT_TEAM = L5UZAT7KA9;
				INFOPLIST_FILE = renTechTests/Info.plist;
				LD_RUNPATH_SEARCH_PATHS = (
					"$(inherited)",
					"@executable_path/Frameworks",
					"@loader_path/Frameworks",
				);
				PRODUCT_BUNDLE_IDENTIFIER = com.redeggproductions.renTechTests;
				PRODUCT_NAME = "$(TARGET_NAME)";
				SWIFT_VERSION = 5.0;
				TARGETED_DEVICE_FAMILY = "1,2";
				TEST_HOST = "$(BUILT_PRODUCTS_DIR)/renTech.app/renTech";
			};
			name = Debug;
		};
		33A5D9C2229310A4007467EF /* Release */ = {
			isa = XCBuildConfiguration;
			buildSettings = {
				ALWAYS_EMBED_SWIFT_STANDARD_LIBRARIES = YES;
				BUNDLE_LOADER = "$(TEST_HOST)";
				CODE_SIGN_STYLE = Automatic;
				DEVELOPMENT_TEAM = L5UZAT7KA9;
				INFOPLIST_FILE = renTechTests/Info.plist;
				LD_RUNPATH_SEARCH_PATHS = (
					"$(inherited)",
					"@executable_path/Frameworks",
					"@loader_path/Frameworks",
				);
				PRODUCT_BUNDLE_IDENTIFIER = com.redeggproductions.renTechTests;
				PRODUCT_NAME = "$(TARGET_NAME)";
				SWIFT_VERSION = 5.0;
				TARGETED_DEVICE_FAMILY = "1,2";
				TEST_HOST = "$(BUILT_PRODUCTS_DIR)/renTech.app/renTech";
			};
			name = Release;
		};
/* End XCBuildConfiguration section */

/* Begin XCConfigurationList section */
		33A5D99B229310A2007467EF /* Build configuration list for PBXProject "renTech" */ = {
			isa = XCConfigurationList;
			buildConfigurations = (
				33A5D9BB229310A4007467EF /* Debug */,
				33A5D9BC229310A4007467EF /* Release */,
			);
			defaultConfigurationIsVisible = 0;
			defaultConfigurationName = Release;
		};
		33A5D9BD229310A4007467EF /* Build configuration list for PBXNativeTarget "renTech" */ = {
			isa = XCConfigurationList;
			buildConfigurations = (
				33A5D9BE229310A4007467EF /* Debug */,
				33A5D9BF229310A4007467EF /* Release */,
			);
			defaultConfigurationIsVisible = 0;
			defaultConfigurationName = Release;
		};
		33A5D9C0229310A4007467EF /* Build configuration list for PBXNativeTarget "renTechTests" */ = {
			isa = XCConfigurationList;
			buildConfigurations = (
				33A5D9C1229310A4007467EF /* Debug */,
				33A5D9C2229310A4007467EF /* Release */,
			);
			defaultConfigurationIsVisible = 0;
			defaultConfigurationName = Release;
		};
/* End XCConfigurationList section */
	};
	rootObject = 33A5D998229310A2007467EF /* Project object */;
}
